
Microsoft Visual Studio Solution File, Format Version 12.00
# Visual Studio Version 16
VisualStudioVersion = 16.0.29709.97
MinimumVisualStudioVersion = 10.0.40219.1
Project("{FAE04EC0-301F-11D3-BF4B-00C04F79EFBC}") = "UWPMusicApp", "UWPMusicApp\UWPMusicApp.csproj", "{56515BE0-914F-4158-AF29-AD960E70F3BA}"
EndProject
Global
	GlobalSection(SolutionConfigurationPlatforms) = preSolution
		Debug|ARM = Debug|ARM
		Debug|ARM64 = Debug|ARM64
		Debug|x64 = Debug|x64
		Debug|x86 = Debug|x86
		Release|ARM = Release|ARM
		Release|ARM64 = Release|ARM64
		Release|x64 = Release|x64
		Release|x86 = Release|x86
	EndGlobalSection
	GlobalSection(ProjectConfigurationPlatforms) = postSolution
		{56515BE0-914F-4158-AF29-AD960E70F3BA}.Debug|ARM.ActiveCfg = Debug|ARM
		{56515BE0-914F-4158-AF29-AD960E70F3BA}.Debug|ARM.Build.0 = Debug|ARM
		{56515BE0-914F-4158-AF29-AD960E70F3BA}.Debug|ARM.Deploy.0 = Debug|ARM
		{56515BE0-914F-4158-AF29-AD960E70F3BA}.Debug|ARM64.ActiveCfg = Debug|ARM64
		{56515BE0-914F-4158-AF29-AD960E70F3BA}.Debug|ARM64.Build.0 = Debug|ARM64
		{56515BE0-914F-4158-AF29-AD960E70F3BA}.Debug|ARM64.Deploy.0 = Debug|ARM64
		{56515BE0-914F-4158-AF29-AD960E70F3BA}.Debug|x64.ActiveCfg = Debug|x64
		{56515BE0-914F-4158-AF29-AD960E70F3BA}.Debug|x64.Build.0 = Debug|x64
		{56515BE0-914F-4158-AF29-AD960E70F3BA}.Debug|x64.Deploy.0 = Debug|x64
		{56515BE0-914F-4158-AF29-AD960E70F3BA}.Debug|x86.ActiveCfg = Debug|x86
		{56515BE0-914F-4158-AF29-AD960E70F3BA}.Debug|x86.Build.0 = Debug|x86
		{56515BE0-914F-4158-AF29-AD960E70F3BA}.Debug|x86.Deploy.0 = Debug|x86
		{56515BE0-914F-4158-AF29-AD960E70F3BA}.Release|ARM.ActiveCfg = Release|ARM
		{56515BE0-914F-4158-AF29-AD960E70F3BA}.Release|ARM.Build.0 = Release|ARM
		{56515BE0-914F-4158-AF29-AD960E70F3BA}.Release|ARM.Deploy.0 = Release|ARM
		{56515BE0-914F-4158-AF29-AD960E70F3BA}.Release|ARM64.ActiveCfg = Release|ARM64
		{56515BE0-914F-4158-AF29-AD960E70F3BA}.Release|ARM64.Build.0 = Release|ARM64
		{56515BE0-914F-4158-AF29-AD960E70F3BA}.Release|ARM64.Deploy.0 = Release|ARM64
		{56515BE0-914F-4158-AF29-AD960E70F3BA}.Release|x64.ActiveCfg = Release|x64
		{56515BE0-914F-4158-AF29-AD960E70F3BA}.Release|x64.Build.0 = Release|x64
		{56515BE0-914F-4158-AF29-AD960E70F3BA}.Release|x64.Deploy.0 = Release|x64
		{56515BE0-914F-4158-AF29-AD960E70F3BA}.Release|x86.ActiveCfg = Release|x86
		{56515BE0-914F-4158-AF29-AD960E70F3BA}.Release|x86.Build.0 = Release|x86
		{56515BE0-914F-4158-AF29-AD960E70F3BA}.Release|x86.Deploy.0 = Release|x86
	EndGlobalSection
	GlobalSection(SolutionProperties) = preSolution
		HideSolutionNode = FALSE
	EndGlobalSection
	GlobalSection(ExtensibilityGlobals) = postSolution
		SolutionGuid = {3A3E29C6-4293-4853-AB56-3E997FEE0F9D}
	EndGlobalSection
EndGlobal
